// !$*UTF8*$!
{
	archiveVersion = 1;
	classes = {
	};
	objectVersion = 77;
	objects = {

/* Begin PBXContainerItemProxy section */
		6E7723A02D1F857E001BBC4E /* PBXContainerItemProxy */ = {
			isa = PBXContainerItemProxy;
			containerPortal = 6E7723862D1F857D001BBC4E /* Project object */;
			proxyType = 1;
			remoteGlobalIDString = 6E77238D2D1F857D001BBC4E;
			remoteInfo = ProductivityTracker;
		};
		6E7723AA2D1F857E001BBC4E /* PBXContainerItemProxy */ = {
			isa = PBXContainerItemProxy;
			containerPortal = 6E7723862D1F857D001BBC4E /* Project object */;
			proxyType = 1;
			remoteGlobalIDString = 6E77238D2D1F857D001BBC4E;
			remoteInfo = ProductivityTracker;
		};
/* End PBXContainerItemProxy section */

/* Begin PBXFileReference section */
		6E77238E2D1F857D001BBC4E /* ProductivityTracker.app */ = {isa = PBXFileReference; explicitFileType = wrapper.application; includeInIndex = 0; path = ProductivityTracker.app; sourceTree = BUILT_PRODUCTS_DIR; };
		6E77239F2D1F857E001BBC4E /* ProductivityTrackerTests.xctest */ = {isa = PBXFileReference; explicitFileType = wrapper.cfbundle; includeInIndex = 0; path = ProductivityTrackerTests.xctest; sourceTree = BUILT_PRODUCTS_DIR; };
		6E7723A92D1F857E001BBC4E /* ProductivityTrackerUITests.xctest */ = {isa = PBXFileReference; explicitFileType = wrapper.cfbundle; includeInIndex = 0; path = ProductivityTrackerUITests.xctest; sourceTree = BUILT_PRODUCTS_DIR; };
/* End PBXFileReference section */

/* Begin PBXFileSystemSynchronizedRootGroup section */
		6E7723902D1F857D001BBC4E /* ProductivityTracker */ = {
			isa = PBXFileSystemSynchronizedRootGroup;
			path = ProductivityTracker;
			sourceTree = "<group>";
		};
		6E7723A22D1F857E001BBC4E /* ProductivityTrackerTests */ = {
			isa = PBXFileSystemSynchronizedRootGroup;
			path = ProductivityTrackerTests;
			sourceTree = "<group>";
		};
		6E7723AC2D1F857E001BBC4E /* ProductivityTrackerUITests */ = {
			isa = PBXFileSystemSynchronizedRootGroup;
			path = ProductivityTrackerUITests;
			sourceTree = "<group>";
		};
/* End PBXFileSystemSynchronizedRootGroup section */

/* Begin PBXFrameworksBuildPhase section */
		6E77238B2D1F857D001BBC4E /* Frameworks */ = {
			isa = PBXFrameworksBuildPhase;
			buildActionMask = 2147483647;
			files = (
			);
			runOnlyForDeploymentPostprocessing = 0;
		};
		6E77239C2D1F857E001BBC4E /* Frameworks */ = {
			isa = PBXFrameworksBuildPhase;
			buildActionMask = 2147483647;
			files = (
			);
			runOnlyForDeploymentPostprocessing = 0;
		};
		6E7723A62D1F857E001BBC4E /* Frameworks */ = {
			isa = PBXFrameworksBuildPhase;
			buildActionMask = 2147483647;
			files = (
			);
			runOnlyForDeploymentPostprocessing = 0;
		};
/* End PBXFrameworksBuildPhase section */

/* Begin PBXGroup section */
		6E7723852D1F857D001BBC4E = {
			isa = PBXGroup;
			children = (
				6E7723902D1F857D001BBC4E /* ProductivityTracker */,
				6E7723A22D1F857E001BBC4E /* ProductivityTrackerTests */,
				6E7723AC2D1F857E001BBC4E /* ProductivityTrackerUITests */,
				6E77238F2D1F857D001BBC4E /* Products */,
			);
			sourceTree = "<group>";
		};
		6E77238F2D1F857D001BBC4E /* Products */ = {
			isa = PBXGroup;
			children = (
				6E77238E2D1F857D001BBC4E /* ProductivityTracker.app */,
				6E77239F2D1F857E001BBC4E /* ProductivityTrackerTests.xctest */,
				6E7723A92D1F857E001BBC4E /* ProductivityTrackerUITests.xctest */,
			);
			name = Products;
			sourceTree = "<group>";
		};
/* End PBXGroup section */

/* Begin PBXNativeTarget section */
		6E77238D2D1F857D001BBC4E /* ProductivityTracker */ = {
			isa = PBXNativeTarget;
			buildConfigurationList = 6E7723B32D1F857F001BBC4E /* Build configuration list for PBXNativeTarget "ProductivityTracker" */;
			buildPhases = (
				6E77238A2D1F857D001BBC4E /* Sources */,
				6E77238B2D1F857D001BBC4E /* Frameworks */,
				6E77238C2D1F857D001BBC4E /* Resources */,
			);
			buildRules = (
			);
			dependencies = (
			);
			fileSystemSynchronizedGroups = (
				6E7723902D1F857D001BBC4E /* ProductivityTracker */,
			);
			name = ProductivityTracker;
			packageProductDependencies = (
			);
			productName = ProductivityTracker;
			productReference = 6E77238E2D1F857D001BBC4E /* ProductivityTracker.app */;
			productType = "com.apple.product-type.application";
		};
		6E77239E2D1F857E001BBC4E /* ProductivityTrackerTests */ = {
			isa = PBXNativeTarget;
			buildConfigurationList = 6E7723B62D1F857F001BBC4E /* Build configuration list for PBXNativeTarget "ProductivityTrackerTests" */;
			buildPhases = (
				6E77239B2D1F857E001BBC4E /* Sources */,
				6E77239C2D1F857E001BBC4E /* Frameworks */,
				6E77239D2D1F857E001BBC4E /* Resources */,
			);
			buildRules = (
			);
			dependencies = (
				6E7723A12D1F857E001BBC4E /* PBXTargetDependency */,
			);
			fileSystemSynchronizedGroups = (
				6E7723A22D1F857E001BBC4E /* ProductivityTrackerTests */,
			);
			name = ProductivityTrackerTests;
			packageProductDependencies = (
			);
			productName = ProductivityTrackerTests;
			productReference = 6E77239F2D1F857E001BBC4E /* ProductivityTrackerTests.xctest */;
			productType = "com.apple.product-type.bundle.unit-test";
		};
		6E7723A82D1F857E001BBC4E /* ProductivityTrackerUITests */ = {
			isa = PBXNativeTarget;
			buildConfigurationList = 6E7723B92D1F857F001BBC4E /* Build configuration list for PBXNativeTarget "ProductivityTrackerUITests" */;
			buildPhases = (
				6E7723A52D1F857E001BBC4E /* Sources */,
				6E7723A62D1F857E001BBC4E /* Frameworks */,
				6E7723A72D1F857E001BBC4E /* Resources */,
			);
			buildRules = (
			);
			dependencies = (
				6E7723AB2D1F857E001BBC4E /* PBXTargetDependency */,
			);
			fileSystemSynchronizedGroups = (
				6E7723AC2D1F857E001BBC4E /* ProductivityTrackerUITests */,
			);
			name = ProductivityTrackerUITests;
			packageProductDependencies = (
			);
			productName = ProductivityTrackerUITests;
			productReference = 6E7723A92D1F857E001BBC4E /* ProductivityTrackerUITests.xctest */;
			productType = "com.apple.product-type.bundle.ui-testing";
		};
/* End PBXNativeTarget section */

/* Begin PBXProject section */
		6E7723862D1F857D001BBC4E /* Project object */ = {
			isa = PBXProject;
			attributes = {
				BuildIndependentTargetsInParallel = 1;
				LastSwiftUpdateCheck = 1620;
				LastUpgradeCheck = 1620;
				TargetAttributes = {
					6E77238D2D1F857D001BBC4E = {
						CreatedOnToolsVersion = 16.2;
					};
					6E77239E2D1F857E001BBC4E = {
						CreatedOnToolsVersion = 16.2;
						TestTargetID = 6E77238D2D1F857D001BBC4E;
					};
					6E7723A82D1F857E001BBC4E = {
						CreatedOnToolsVersion = 16.2;
						TestTargetID = 6E77238D2D1F857D001BBC4E;
					};
				};
			};
			buildConfigurationList = 6E7723892D1F857D001BBC4E /* Build configuration list for PBXProject "ProductivityTracker" */;
			developmentRegion = en;
			hasScannedForEncodings = 0;
			knownRegions = (
				en,
				Base,
			);
			mainGroup = 6E7723852D1F857D001BBC4E;
			minimizedProjectReferenceProxies = 1;
			preferredProjectObjectVersion = 77;
			productRefGroup = 6E77238F2D1F857D001BBC4E /* Products */;
			projectDirPath = "";
			projectRoot = "";
			targets = (
				6E77238D2D1F857D001BBC4E /* ProductivityTracker */,
				6E77239E2D1F857E001BBC4E /* ProductivityTrackerTests */,
				6E7723A82D1F857E001BBC4E /* ProductivityTrackerUITests */,
			);
		};
/* End PBXProject section */

/* Begin PBXResourcesBuildPhase section */
		6E77238C2D1F857D001BBC4E /* Resources */ = {
			isa = PBXResourcesBuildPhase;
			buildActionMask = 2147483647;
			files = (
			);
			runOnlyForDeploymentPostprocessing = 0;
		};
		6E77239D2D1F857E001BBC4E /* Resources */ = {
			isa = PBXResourcesBuildPhase;
			buildActionMask = 2147483647;
			files = (
			);
			runOnlyForDeploymentPostprocessing = 0;
		};
		6E7723A72D1F857E001BBC4E /* Resources */ = {
			isa = PBXResourcesBuildPhase;
			buildActionMask = 2147483647;
			files = (
			);
			runOnlyForDeploymentPostprocessing = 0;
		};
/* End PBXResourcesBuildPhase section */

/* Begin PBXSourcesBuildPhase section */
		6E77238A2D1F857D001BBC4E /* Sources */ = {
			isa = PBXSourcesBuildPhase;
			buildActionMask = 2147483647;
			files = (
			);
			runOnlyForDeploymentPostprocessing = 0;
		};
		6E77239B2D1F857E001BBC4E /* Sources */ = {
			isa = PBXSourcesBuildPhase;
			buildActionMask = 2147483647;
			files = (
			);
			runOnlyForDeploymentPostprocessing = 0;
		};
		6E7723A52D1F857E001BBC4E /* Sources */ = {
			isa = PBXSourcesBuildPhase;
			buildActionMask = 2147483647;
			files = (
			);
			runOnlyForDeploymentPostprocessing = 0;
		};
/* End PBXSourcesBuildPhase section */

/* Begin PBXTargetDependency section */
		6E7723A12D1F857E001BBC4E /* PBXTargetDependency */ = {
			isa = PBXTargetDependency;
			target = 6E77238D2D1F857D001BBC4E /* ProductivityTracker */;
			targetProxy = 6E7723A02D1F857E001BBC4E /* PBXContainerItemProxy */;
		};
		6E7723AB2D1F857E001BBC4E /* PBXTargetDependency */ = {
			isa = PBXTargetDependency;
			target = 6E77238D2D1F857D001BBC4E /* ProductivityTracker */;
			targetProxy = 6E7723AA2D1F857E001BBC4E /* PBXContainerItemProxy */;
		};
/* End PBXTargetDependency section */

/* Begin XCBuildConfiguration section */
		6E7723B12D1F857F001BBC4E /* Debug */ = {
			isa = XCBuildConfiguration;
			buildSettings = {
				ALWAYS_SEARCH_USER_PATHS = NO;
				ASSETCATALOG_COMPILER_GENERATE_SWIFT_ASSET_SYMBOL_EXTENSIONS = YES;
				CLANG_ANALYZER_NONNULL = YES;
				CLANG_ANALYZER_NUMBER_OBJECT_CONVERSION = YES_AGGRESSIVE;
				CLANG_CXX_LANGUAGE_STANDARD = "gnu++20";
				CLANG_ENABLE_MODULES = YES;
				CLANG_ENABLE_OBJC_ARC = YES;
				CLANG_ENABLE_OBJC_WEAK = YES;
				CLANG_WARN_BLOCK_CAPTURE_AUTORELEASING = YES;
				CLANG_WARN_BOOL_CONVERSION = YES;
				CLANG_WARN_COMMA = YES;
				CLANG_WARN_CONSTANT_CONVERSION = YES;
				CLANG_WARN_DEPRECATED_OBJC_IMPLEMENTATIONS = YES;
				CLANG_WARN_DIRECT_OBJC_ISA_USAGE = YES_ERROR;
				CLANG_WARN_DOCUMENTATION_COMMENTS = YES;
				CLANG_WARN_EMPTY_BODY = YES;
				CLANG_WARN_ENUM_CONVERSION = YES;
				CLANG_WARN_INFINITE_RECURSION = YES;
				CLANG_WARN_INT_CONVERSION = YES;
				CLANG_WARN_NON_LITERAL_NULL_CONVERSION = YES;
				CLANG_WARN_OBJC_IMPLICIT_RETAIN_SELF = YES;
				CLANG_WARN_OBJC_LITERAL_CONVERSION = YES;
				CLANG_WARN_OBJC_ROOT_CLASS = YES_ERROR;
				CLANG_WARN_QUOTED_INCLUDE_IN_FRAMEWORK_HEADER = YES;
				CLANG_WARN_RANGE_LOOP_ANALYSIS = YES;
				CLANG_WARN_STRICT_PROTOTYPES = YES;
				CLANG_WARN_SUSPICIOUS_MOVE = YES;
				CLANG_WARN_UNGUARDED_AVAILABILITY = YES_AGGRESSIVE;
				CLANG_WARN_UNREACHABLE_CODE = YES;
				CLANG_WARN__DUPLICATE_METHOD_MATCH = YES;
				COPY_PHASE_STRIP = NO;
				DEBUG_INFORMATION_FORMAT = dwarf;
				ENABLE_STRICT_OBJC_MSGSEND = YES;
				ENABLE_TESTABILITY = YES;
				ENABLE_USER_SCRIPT_SANDBOXING = YES;
				GCC_C_LANGUAGE_STANDARD = gnu17;
				GCC_DYNAMIC_NO_PIC = NO;
				GCC_NO_COMMON_BLOCKS = YES;
				GCC_OPTIMIZATION_LEVEL = 0;
				GCC_PREPROCESSOR_DEFINITIONS = (
					"DEBUG=1",
					"$(inherited)",
				);
				GCC_WARN_64_TO_32_BIT_CONVERSION = YES;
				GCC_WARN_ABOUT_RETURN_TYPE = YES_ERROR;
				GCC_WARN_UNDECLARED_SELECTOR = YES;
				GCC_WARN_UNINITIALIZED_AUTOS = YES_AGGRESSIVE;
				GCC_WARN_UNUSED_FUNCTION = YES;
				GCC_WARN_UNUSED_VARIABLE = YES;
				LOCALIZATION_PREFERS_STRING_CATALOGS = YES;
				MACOSX_DEPLOYMENT_TARGET = 15.2;
				MTL_ENABLE_DEBUG_INFO = INCLUDE_SOURCE;
				MTL_FAST_MATH = YES;
				ONLY_ACTIVE_ARCH = YES;
				SDKROOT = macosx;
				SWIFT_ACTIVE_COMPILATION_CONDITIONS = "DEBUG $(inherited)";
				SWIFT_OPTIMIZATION_LEVEL = "-Onone";
			};
			name = Debug;
		};
		6E7723B22D1F857F001BBC4E /* Release */ = {
			isa = XCBuildConfiguration;
			buildSettings = {
				ALWAYS_SEARCH_USER_PATHS = NO;
				ASSETCATALOG_COMPILER_GENERATE_SWIFT_ASSET_SYMBOL_EXTENSIONS = YES;
				CLANG_ANALYZER_NONNULL = YES;
				CLANG_ANALYZER_NUMBER_OBJECT_CONVERSION = YES_AGGRESSIVE;
				CLANG_CXX_LANGUAGE_STANDARD = "gnu++20";
				CLANG_ENABLE_MODULES = YES;
				CLANG_ENABLE_OBJC_ARC = YES;
				CLANG_ENABLE_OBJC_WEAK = YES;
				CLANG_WARN_BLOCK_CAPTURE_AUTORELEASING = YES;
				CLANG_WARN_BOOL_CONVERSION = YES;
				CLANG_WARN_COMMA = YES;
				CLANG_WARN_CONSTANT_CONVERSION = YES;
				CLANG_WARN_DEPRECATED_OBJC_IMPLEMENTATIONS = YES;
				CLANG_WARN_DIRECT_OBJC_ISA_USAGE = YES_ERROR;
				CLANG_WARN_DOCUMENTATION_COMMENTS = YES;
				CLANG_WARN_EMPTY_BODY = YES;
				CLANG_WARN_ENUM_CONVERSION = YES;
				CLANG_WARN_INFINITE_RECURSION = YES;
				CLANG_WARN_INT_CONVERSION = YES;
				CLANG_WARN_NON_LITERAL_NULL_CONVERSION = YES;
				CLANG_WARN_OBJC_IMPLICIT_RETAIN_SELF = YES;
				CLANG_WARN_OBJC_LITERAL_CONVERSION = YES;
				CLANG_WARN_OBJC_ROOT_CLASS = YES_ERROR;
				CLANG_WARN_QUOTED_INCLUDE_IN_FRAMEWORK_HEADER = YES;
				CLANG_WARN_RANGE_LOOP_ANALYSIS = YES;
				CLANG_WARN_STRICT_PROTOTYPES = YES;
				CLANG_WARN_SUSPICIOUS_MOVE = YES;
				CLANG_WARN_UNGUARDED_AVAILABILITY = YES_AGGRESSIVE;
				CLANG_WARN_UNREACHABLE_CODE = YES;
				CLANG_WARN__DUPLICATE_METHOD_MATCH = YES;
				COPY_PHASE_STRIP = NO;
				DEBUG_INFORMATION_FORMAT = "dwarf-with-dsym";
				ENABLE_NS_ASSERTIONS = NO;
				ENABLE_STRICT_OBJC_MSGSEND = YES;
				ENABLE_USER_SCRIPT_SANDBOXING = YES;
				GCC_C_LANGUAGE_STANDARD = gnu17;
				GCC_NO_COMMON_BLOCKS = YES;
				GCC_WARN_64_TO_32_BIT_CONVERSION = YES;
				GCC_WARN_ABOUT_RETURN_TYPE = YES_ERROR;
				GCC_WARN_UNDECLARED_SELECTOR = YES;
				GCC_WARN_UNINITIALIZED_AUTOS = YES_AGGRESSIVE;
				GCC_WARN_UNUSED_FUNCTION = YES;
				GCC_WARN_UNUSED_VARIABLE = YES;
				LOCALIZATION_PREFERS_STRING_CATALOGS = YES;
				MACOSX_DEPLOYMENT_TARGET = 15.2;
				MTL_ENABLE_DEBUG_INFO = NO;
				MTL_FAST_MATH = YES;
				SDKROOT = macosx;
				SWIFT_COMPILATION_MODE = wholemodule;
			};
			name = Release;
		};
		6E7723B42D1F857F001BBC4E /* Debug */ = {
			isa = XCBuildConfiguration;
			buildSettings = {
				ASSETCATALOG_COMPILER_APPICON_NAME = AppIcon;
				ASSETCATALOG_COMPILER_GLOBAL_ACCENT_COLOR_NAME = AccentColor;
				CODE_SIGN_ENTITLEMENTS = ProductivityTracker/ProductivityTracker.entitlements;
				CODE_SIGN_STYLE = Automatic;
				COMBINE_HIDPI_IMAGES = YES;
				CURRENT_PROJECT_VERSION = 1;
				DEVELOPMENT_ASSET_PATHS = "\"ProductivityTracker/Preview Content\"";
				DEVELOPMENT_TEAM = 5ML5BZ26LS;
				ENABLE_HARDENED_RUNTIME = YES;
				ENABLE_PREVIEWS = YES;
				GENERATE_INFOPLIST_FILE = YES;
				INFOPLIST_KEY_NSHumanReadableCopyright = "";
				LD_RUNPATH_SEARCH_PATHS = (
					"$(inherited)",
					"@executable_path/../Frameworks",
				);
				MARKETING_VERSION = 1.0;
				PRODUCT_BUNDLE_IDENTIFIER = parisphan.ProductivityTracker;
				PRODUCT_NAME = "$(TARGET_NAME)";
				SWIFT_EMIT_LOC_STRINGS = YES;
				SWIFT_VERSION = 5.0;
			};
			name = Debug;
		};
		6E7723B52D1F857F001BBC4E /* Release */ = {
			isa = XCBuildConfiguration;
			buildSettings = {
				ASSETCATALOG_COMPILER_APPICON_NAME = AppIcon;
				ASSETCATALOG_COMPILER_GLOBAL_ACCENT_COLOR_NAME = AccentColor;
				CODE_SIGN_ENTITLEMENTS = ProductivityTracker/ProductivityTracker.entitlements;
				CODE_SIGN_STYLE = Automatic;
				COMBINE_HIDPI_IMAGES = YES;
				CURRENT_PROJECT_VERSION = 1;
				DEVELOPMENT_ASSET_PATHS = "\"ProductivityTracker/Preview Content\"";
				DEVELOPMENT_TEAM = 5ML5BZ26LS;
				ENABLE_HARDENED_RUNTIME = YES;
				ENABLE_PREVIEWS = YES;
				GENERATE_INFOPLIST_FILE = YES;
				INFOPLIST_KEY_NSHumanReadableCopyright = "";
				LD_RUNPATH_SEARCH_PATHS = (
					"$(inherited)",
					"@executable_path/../Frameworks",
				);
				MARKETING_VERSION = 1.0;
				PRODUCT_BUNDLE_IDENTIFIER = parisphan.ProductivityTracker;
				PRODUCT_NAME = "$(TARGET_NAME)";
				SWIFT_EMIT_LOC_STRINGS = YES;
				SWIFT_VERSION = 5.0;
			};
			name = Release;
		};
		6E7723B72D1F857F001BBC4E /* Debug */ = {
			isa = XCBuildConfiguration;
			buildSettings = {
				BUNDLE_LOADER = "$(TEST_HOST)";
				CODE_SIGN_STYLE = Automatic;
				CURRENT_PROJECT_VERSION = 1;
				DEVELOPMENT_TEAM = 5ML5BZ26LS;
				GENERATE_INFOPLIST_FILE = YES;
				MACOSX_DEPLOYMENT_TARGET = 15.2;
				MARKETING_VERSION = 1.0;
				PRODUCT_BUNDLE_IDENTIFIER = parisphan.ProductivityTrackerTests;
				PRODUCT_NAME = "$(TARGET_NAME)";
				SWIFT_EMIT_LOC_STRINGS = NO;
				SWIFT_VERSION = 5.0;
				TEST_HOST = "$(BUILT_PRODUCTS_DIR)/ProductivityTracker.app/$(BUNDLE_EXECUTABLE_FOLDER_PATH)/ProductivityTracker";
			};
			name = Debug;
		};
		6E7723B82D1F857F001BBC4E /* Release */ = {
			isa = XCBuildConfiguration;
			buildSettings = {
				BUNDLE_LOADER = "$(TEST_HOST)";
				CODE_SIGN_STYLE = Automatic;
				CURRENT_PROJECT_VERSION = 1;
				DEVELOPMENT_TEAM = 5ML5BZ26LS;
				GENERATE_INFOPLIST_FILE = YES;
				MACOSX_DEPLOYMENT_TARGET = 15.2;
				MARKETING_VERSION = 1.0;
				PRODUCT_BUNDLE_IDENTIFIER = parisphan.ProductivityTrackerTests;
				PRODUCT_NAME = "$(TARGET_NAME)";
				SWIFT_EMIT_LOC_STRINGS = NO;
				SWIFT_VERSION = 5.0;
				TEST_HOST = "$(BUILT_PRODUCTS_DIR)/ProductivityTracker.app/$(BUNDLE_EXECUTABLE_FOLDER_PATH)/ProductivityTracker";
			};
			name = Release;
		};
		6E7723BA2D1F857F001BBC4E /* Debug */ = {
			isa = XCBuildConfiguration;
			buildSettings = {
				CODE_SIGN_STYLE = Automatic;
				CURRENT_PROJECT_VERSION = 1;
				DEVELOPMENT_TEAM = 5ML5BZ26LS;
				GENERATE_INFOPLIST_FILE = YES;
				MARKETING_VERSION = 1.0;
				PRODUCT_BUNDLE_IDENTIFIER = parisphan.ProductivityTrackerUITests;
				PRODUCT_NAME = "$(TARGET_NAME)";
				SWIFT_EMIT_LOC_STRINGS = NO;
				SWIFT_VERSION = 5.0;
				TEST_TARGET_NAME = ProductivityTracker;
			};
			name = Debug;
		};
		6E7723BB2D1F857F001BBC4E /* Release */ = {
			isa = XCBuildConfiguration;
			buildSettings = {
				CODE_SIGN_STYLE = Automatic;
				CURRENT_PROJECT_VERSION = 1;
				DEVELOPMENT_TEAM = 5ML5BZ26LS;
				GENERATE_INFOPLIST_FILE = YES;
				MARKETING_VERSION = 1.0;
				PRODUCT_BUNDLE_IDENTIFIER = parisphan.ProductivityTrackerUITests;
				PRODUCT_NAME = "$(TARGET_NAME)";
				SWIFT_EMIT_LOC_STRINGS = NO;
				SWIFT_VERSION = 5.0;
				TEST_TARGET_NAME = ProductivityTracker;
			};
			name = Release;
		};
/* End XCBuildConfiguration section */

/* Begin XCConfigurationList section */
		6E7723892D1F857D001BBC4E /* Build configuration list for PBXProject "ProductivityTracker" */ = {
			isa = XCConfigurationList;
			buildConfigurations = (
				6E7723B12D1F857F001BBC4E /* Debug */,
				6E7723B22D1F857F001BBC4E /* Release */,
			);
			defaultConfigurationIsVisible = 0;
			defaultConfigurationName = Release;
		};
		6E7723B32D1F857F001BBC4E /* Build configuration list for PBXNativeTarget "ProductivityTracker" */ = {
			isa = XCConfigurationList;
			buildConfigurations = (
				6E7723B42D1F857F001BBC4E /* Debug */,
				6E7723B52D1F857F001BBC4E /* Release */,
			);
			defaultConfigurationIsVisible = 0;
			defaultConfigurationName = Release;
		};
		6E7723B62D1F857F001BBC4E /* Build configuration list for PBXNativeTarget "ProductivityTrackerTests" */ = {
			isa = XCConfigurationList;
			buildConfigurations = (
				6E7723B72D1F857F001BBC4E /* Debug */,
				6E7723B82D1F857F001BBC4E /* Release */,
			);
			defaultConfigurationIsVisible = 0;
			defaultConfigurationName = Release;
		};
		6E7723B92D1F857F001BBC4E /* Build configuration list for PBXNativeTarget "ProductivityTrackerUITests" */ = {
			isa = XCConfigurationList;
			buildConfigurations = (
				6E7723BA2D1F857F001BBC4E /* Debug */,
				6E7723BB2D1F857F001BBC4E /* Release */,
			);
			defaultConfigurationIsVisible = 0;
			defaultConfigurationName = Release;
		};
/* End XCConfigurationList section */
	};
	rootObject = 6E7723862D1F857D001BBC4E /* Project object */;
}
