// !$*UTF8*$!
{
	archiveVersion = 1;
	classes = {
	};
	objectVersion = 77;
	objects = {

/* Begin PBXContainerItemProxy section */
		6E46C2482D1FA40600DD912F /* PBXContainerItemProxy */ = {
			isa = PBXContainerItemProxy;
			containerPortal = 6E46C22F2D1FA40400DD912F /* Project object */;
			proxyType = 1;
			remoteGlobalIDString = 6E46C2362D1FA40400DD912F;
			remoteInfo = ProductivityTrackerIOS;
		};
		6E46C2522D1FA40600DD912F /* PBXContainerItemProxy */ = {
			isa = PBXContainerItemProxy;
			containerPortal = 6E46C22F2D1FA40400DD912F /* Project object */;
			proxyType = 1;
			remoteGlobalIDString = 6E46C2362D1FA40400DD912F;
			remoteInfo = ProductivityTrackerIOS;
		};
/* End PBXContainerItemProxy section */

/* Begin PBXFileReference section */
		6E46C2372D1FA40400DD912F /* ProductivityTrackerIOS.app */ = {isa = PBXFileReference; explicitFileType = wrapper.application; includeInIndex = 0; path = ProductivityTrackerIOS.app; sourceTree = BUILT_PRODUCTS_DIR; };
		6E46C2472D1FA40600DD912F /* ProductivityTrackerIOSTests.xctest */ = {isa = PBXFileReference; explicitFileType = wrapper.cfbundle; includeInIndex = 0; path = ProductivityTrackerIOSTests.xctest; sourceTree = BUILT_PRODUCTS_DIR; };
		6E46C2512D1FA40600DD912F /* ProductivityTrackerIOSUITests.xctest */ = {isa = PBXFileReference; explicitFileType = wrapper.cfbundle; includeInIndex = 0; path = ProductivityTrackerIOSUITests.xctest; sourceTree = BUILT_PRODUCTS_DIR; };
/* End PBXFileReference section */

/* Begin PBXFileSystemSynchronizedRootGroup section */
		6E46C2392D1FA40400DD912F /* ProductivityTrackerIOS */ = {
			isa = PBXFileSystemSynchronizedRootGroup;
			path = ProductivityTrackerIOS;
			sourceTree = "<group>";
		};
		6E46C24A2D1FA40600DD912F /* ProductivityTrackerIOSTests */ = {
			isa = PBXFileSystemSynchronizedRootGroup;
			path = ProductivityTrackerIOSTests;
			sourceTree = "<group>";
		};
		6E46C2542D1FA40600DD912F /* ProductivityTrackerIOSUITests */ = {
			isa = PBXFileSystemSynchronizedRootGroup;
			path = ProductivityTrackerIOSUITests;
			sourceTree = "<group>";
		};
/* End PBXFileSystemSynchronizedRootGroup section */

/* Begin PBXFrameworksBuildPhase section */
		6E46C2342D1FA40400DD912F /* Frameworks */ = {
			isa = PBXFrameworksBuildPhase;
			buildActionMask = 2147483647;
			files = (
			);
			runOnlyForDeploymentPostprocessing = 0;
		};
		6E46C2442D1FA40600DD912F /* Frameworks */ = {
			isa = PBXFrameworksBuildPhase;
			buildActionMask = 2147483647;
			files = (
			);
			runOnlyForDeploymentPostprocessing = 0;
		};
		6E46C24E2D1FA40600DD912F /* Frameworks */ = {
			isa = PBXFrameworksBuildPhase;
			buildActionMask = 2147483647;
			files = (
			);
			runOnlyForDeploymentPostprocessing = 0;
		};
/* End PBXFrameworksBuildPhase section */

/* Begin PBXGroup section */
		6E46C22E2D1FA40400DD912F = {
			isa = PBXGroup;
			children = (
				6E46C2392D1FA40400DD912F /* ProductivityTrackerIOS */,
				6E46C24A2D1FA40600DD912F /* ProductivityTrackerIOSTests */,
				6E46C2542D1FA40600DD912F /* ProductivityTrackerIOSUITests */,
				6E46C2382D1FA40400DD912F /* Products */,
			);
			sourceTree = "<group>";
		};
		6E46C2382D1FA40400DD912F /* Products */ = {
			isa = PBXGroup;
			children = (
				6E46C2372D1FA40400DD912F /* ProductivityTrackerIOS.app */,
				6E46C2472D1FA40600DD912F /* ProductivityTrackerIOSTests.xctest */,
				6E46C2512D1FA40600DD912F /* ProductivityTrackerIOSUITests.xctest */,
			);
			name = Products;
			sourceTree = "<group>";
		};
/* End PBXGroup section */

/* Begin PBXNativeTarget section */
		6E46C2362D1FA40400DD912F /* ProductivityTrackerIOS */ = {
			isa = PBXNativeTarget;
			buildConfigurationList = 6E46C25B2D1FA40600DD912F /* Build configuration list for PBXNativeTarget "ProductivityTrackerIOS" */;
			buildPhases = (
				6E46C2332D1FA40400DD912F /* Sources */,
				6E46C2342D1FA40400DD912F /* Frameworks */,
				6E46C2352D1FA40400DD912F /* Resources */,
			);
			buildRules = (
			);
			dependencies = (
			);
			fileSystemSynchronizedGroups = (
				6E46C2392D1FA40400DD912F /* ProductivityTrackerIOS */,
			);
			name = ProductivityTrackerIOS;
			packageProductDependencies = (
			);
			productName = ProductivityTrackerIOS;
			productReference = 6E46C2372D1FA40400DD912F /* ProductivityTrackerIOS.app */;
			productType = "com.apple.product-type.application";
		};
		6E46C2462D1FA40600DD912F /* ProductivityTrackerIOSTests */ = {
			isa = PBXNativeTarget;
			buildConfigurationList = 6E46C25E2D1FA40600DD912F /* Build configuration list for PBXNativeTarget "ProductivityTrackerIOSTests" */;
			buildPhases = (
				6E46C2432D1FA40600DD912F /* Sources */,
				6E46C2442D1FA40600DD912F /* Frameworks */,
				6E46C2452D1FA40600DD912F /* Resources */,
			);
			buildRules = (
			);
			dependencies = (
				6E46C2492D1FA40600DD912F /* PBXTargetDependency */,
			);
			fileSystemSynchronizedGroups = (
				6E46C24A2D1FA40600DD912F /* ProductivityTrackerIOSTests */,
			);
			name = ProductivityTrackerIOSTests;
			packageProductDependencies = (
			);
			productName = ProductivityTrackerIOSTests;
			productReference = 6E46C2472D1FA40600DD912F /* ProductivityTrackerIOSTests.xctest */;
			productType = "com.apple.product-type.bundle.unit-test";
		};
		6E46C2502D1FA40600DD912F /* ProductivityTrackerIOSUITests */ = {
			isa = PBXNativeTarget;
			buildConfigurationList = 6E46C2612D1FA40600DD912F /* Build configuration list for PBXNativeTarget "ProductivityTrackerIOSUITests" */;
			buildPhases = (
				6E46C24D2D1FA40600DD912F /* Sources */,
				6E46C24E2D1FA40600DD912F /* Frameworks */,
				6E46C24F2D1FA40600DD912F /* Resources */,
			);
			buildRules = (
			);
			dependencies = (
				6E46C2532D1FA40600DD912F /* PBXTargetDependency */,
			);
			fileSystemSynchronizedGroups = (
				6E46C2542D1FA40600DD912F /* ProductivityTrackerIOSUITests */,
			);
			name = ProductivityTrackerIOSUITests;
			packageProductDependencies = (
			);
			productName = ProductivityTrackerIOSUITests;
			productReference = 6E46C2512D1FA40600DD912F /* ProductivityTrackerIOSUITests.xctest */;
			productType = "com.apple.product-type.bundle.ui-testing";
		};
/* End PBXNativeTarget section */

/* Begin PBXProject section */
		6E46C22F2D1FA40400DD912F /* Project object */ = {
			isa = PBXProject;
			attributes = {
				BuildIndependentTargetsInParallel = 1;
				LastSwiftUpdateCheck = 1620;
				LastUpgradeCheck = 1620;
				TargetAttributes = {
					6E46C2362D1FA40400DD912F = {
						CreatedOnToolsVersion = 16.2;
					};
					6E46C2462D1FA40600DD912F = {
						CreatedOnToolsVersion = 16.2;
						TestTargetID = 6E46C2362D1FA40400DD912F;
					};
					6E46C2502D1FA40600DD912F = {
						CreatedOnToolsVersion = 16.2;
						TestTargetID = 6E46C2362D1FA40400DD912F;
					};
				};
			};
			buildConfigurationList = 6E46C2322D1FA40400DD912F /* Build configuration list for PBXProject "ProductivityTrackerIOS" */;
			developmentRegion = en;
			hasScannedForEncodings = 0;
			knownRegions = (
				en,
				Base,
			);
			mainGroup = 6E46C22E2D1FA40400DD912F;
			minimizedProjectReferenceProxies = 1;
			preferredProjectObjectVersion = 77;
			productRefGroup = 6E46C2382D1FA40400DD912F /* Products */;
			projectDirPath = "";
			projectRoot = "";
			targets = (
				6E46C2362D1FA40400DD912F /* ProductivityTrackerIOS */,
				6E46C2462D1FA40600DD912F /* ProductivityTrackerIOSTests */,
				6E46C2502D1FA40600DD912F /* ProductivityTrackerIOSUITests */,
			);
		};
/* End PBXProject section */

/* Begin PBXResourcesBuildPhase section */
		6E46C2352D1FA40400DD912F /* Resources */ = {
			isa = PBXResourcesBuildPhase;
			buildActionMask = 2147483647;
			files = (
			);
			runOnlyForDeploymentPostprocessing = 0;
		};
		6E46C2452D1FA40600DD912F /* Resources */ = {
			isa = PBXResourcesBuildPhase;
			buildActionMask = 2147483647;
			files = (
			);
			runOnlyForDeploymentPostprocessing = 0;
		};
		6E46C24F2D1FA40600DD912F /* Resources */ = {
			isa = PBXResourcesBuildPhase;
			buildActionMask = 2147483647;
			files = (
			);
			runOnlyForDeploymentPostprocessing = 0;
		};
/* End PBXResourcesBuildPhase section */

/* Begin PBXSourcesBuildPhase section */
		6E46C2332D1FA40400DD912F /* Sources */ = {
			isa = PBXSourcesBuildPhase;
			buildActionMask = 2147483647;
			files = (
			);
			runOnlyForDeploymentPostprocessing = 0;
		};
		6E46C2432D1FA40600DD912F /* Sources */ = {
			isa = PBXSourcesBuildPhase;
			buildActionMask = 2147483647;
			files = (
			);
			runOnlyForDeploymentPostprocessing = 0;
		};
		6E46C24D2D1FA40600DD912F /* Sources */ = {
			isa = PBXSourcesBuildPhase;
			buildActionMask = 2147483647;
			files = (
			);
			runOnlyForDeploymentPostprocessing = 0;
		};
/* End PBXSourcesBuildPhase section */

/* Begin PBXTargetDependency section */
		6E46C2492D1FA40600DD912F /* PBXTargetDependency */ = {
			isa = PBXTargetDependency;
			target = 6E46C2362D1FA40400DD912F /* ProductivityTrackerIOS */;
			targetProxy = 6E46C2482D1FA40600DD912F /* PBXContainerItemProxy */;
		};
		6E46C2532D1FA40600DD912F /* PBXTargetDependency */ = {
			isa = PBXTargetDependency;
			target = 6E46C2362D1FA40400DD912F /* ProductivityTrackerIOS */;
			targetProxy = 6E46C2522D1FA40600DD912F /* PBXContainerItemProxy */;
		};
/* End PBXTargetDependency section */

/* Begin XCBuildConfiguration section */
		6E46C2592D1FA40600DD912F /* Debug */ = {
			isa = XCBuildConfiguration;
			buildSettings = {
				ALWAYS_SEARCH_USER_PATHS = NO;
				ASSETCATALOG_COMPILER_GENERATE_SWIFT_ASSET_SYMBOL_EXTENSIONS = YES;
				CLANG_ANALYZER_NONNULL = YES;
				CLANG_ANALYZER_NUMBER_OBJECT_CONVERSION = YES_AGGRESSIVE;
				CLANG_CXX_LANGUAGE_STANDARD = "gnu++20";
				CLANG_ENABLE_MODULES = YES;
				CLANG_ENABLE_OBJC_ARC = YES;
				CLANG_ENABLE_OBJC_WEAK = YES;
				CLANG_WARN_BLOCK_CAPTURE_AUTORELEASING = YES;
				CLANG_WARN_BOOL_CONVERSION = YES;
				CLANG_WARN_COMMA = YES;
				CLANG_WARN_CONSTANT_CONVERSION = YES;
				CLANG_WARN_DEPRECATED_OBJC_IMPLEMENTATIONS = YES;
				CLANG_WARN_DIRECT_OBJC_ISA_USAGE = YES_ERROR;
				CLANG_WARN_DOCUMENTATION_COMMENTS = YES;
				CLANG_WARN_EMPTY_BODY = YES;
				CLANG_WARN_ENUM_CONVERSION = YES;
				CLANG_WARN_INFINITE_RECURSION = YES;
				CLANG_WARN_INT_CONVERSION = YES;
				CLANG_WARN_NON_LITERAL_NULL_CONVERSION = YES;
				CLANG_WARN_OBJC_IMPLICIT_RETAIN_SELF = YES;
				CLANG_WARN_OBJC_LITERAL_CONVERSION = YES;
				CLANG_WARN_OBJC_ROOT_CLASS = YES_ERROR;
				CLANG_WARN_QUOTED_INCLUDE_IN_FRAMEWORK_HEADER = YES;
				CLANG_WARN_RANGE_LOOP_ANALYSIS = YES;
				CLANG_WARN_STRICT_PROTOTYPES = YES;
				CLANG_WARN_SUSPICIOUS_MOVE = YES;
				CLANG_WARN_UNGUARDED_AVAILABILITY = YES_AGGRESSIVE;
				CLANG_WARN_UNREACHABLE_CODE = YES;
				CLANG_WARN__DUPLICATE_METHOD_MATCH = YES;
				COPY_PHASE_STRIP = NO;
				DEBUG_INFORMATION_FORMAT = dwarf;
				ENABLE_STRICT_OBJC_MSGSEND = YES;
				ENABLE_TESTABILITY = YES;
				ENABLE_USER_SCRIPT_SANDBOXING = YES;
				GCC_C_LANGUAGE_STANDARD = gnu17;
				GCC_DYNAMIC_NO_PIC = NO;
				GCC_NO_COMMON_BLOCKS = YES;
				GCC_OPTIMIZATION_LEVEL = 0;
				GCC_PREPROCESSOR_DEFINITIONS = (
					"DEBUG=1",
					"$(inherited)",
				);
				GCC_WARN_64_TO_32_BIT_CONVERSION = YES;
				GCC_WARN_ABOUT_RETURN_TYPE = YES_ERROR;
				GCC_WARN_UNDECLARED_SELECTOR = YES;
				GCC_WARN_UNINITIALIZED_AUTOS = YES_AGGRESSIVE;
				GCC_WARN_UNUSED_FUNCTION = YES;
				GCC_WARN_UNUSED_VARIABLE = YES;
				IPHONEOS_DEPLOYMENT_TARGET = 18.2;
				LOCALIZATION_PREFERS_STRING_CATALOGS = YES;
				MTL_ENABLE_DEBUG_INFO = INCLUDE_SOURCE;
				MTL_FAST_MATH = YES;
				ONLY_ACTIVE_ARCH = YES;
				SDKROOT = iphoneos;
				SWIFT_ACTIVE_COMPILATION_CONDITIONS = "DEBUG $(inherited)";
				SWIFT_OPTIMIZATION_LEVEL = "-Onone";
			};
			name = Debug;
		};
		6E46C25A2D1FA40600DD912F /* Release */ = {
			isa = XCBuildConfiguration;
			buildSettings = {
				ALWAYS_SEARCH_USER_PATHS = NO;
				ASSETCATALOG_COMPILER_GENERATE_SWIFT_ASSET_SYMBOL_EXTENSIONS = YES;
				CLANG_ANALYZER_NONNULL = YES;
				CLANG_ANALYZER_NUMBER_OBJECT_CONVERSION = YES_AGGRESSIVE;
				CLANG_CXX_LANGUAGE_STANDARD = "gnu++20";
				CLANG_ENABLE_MODULES = YES;
				CLANG_ENABLE_OBJC_ARC = YES;
				CLANG_ENABLE_OBJC_WEAK = YES;
				CLANG_WARN_BLOCK_CAPTURE_AUTORELEASING = YES;
				CLANG_WARN_BOOL_CONVERSION = YES;
				CLANG_WARN_COMMA = YES;
				CLANG_WARN_CONSTANT_CONVERSION = YES;
				CLANG_WARN_DEPRECATED_OBJC_IMPLEMENTATIONS = YES;
				CLANG_WARN_DIRECT_OBJC_ISA_USAGE = YES_ERROR;
				CLANG_WARN_DOCUMENTATION_COMMENTS = YES;
				CLANG_WARN_EMPTY_BODY = YES;
				CLANG_WARN_ENUM_CONVERSION = YES;
				CLANG_WARN_INFINITE_RECURSION = YES;
				CLANG_WARN_INT_CONVERSION = YES;
				CLANG_WARN_NON_LITERAL_NULL_CONVERSION = YES;
				CLANG_WARN_OBJC_IMPLICIT_RETAIN_SELF = YES;
				CLANG_WARN_OBJC_LITERAL_CONVERSION = YES;
				CLANG_WARN_OBJC_ROOT_CLASS = YES_ERROR;
				CLANG_WARN_QUOTED_INCLUDE_IN_FRAMEWORK_HEADER = YES;
				CLANG_WARN_RANGE_LOOP_ANALYSIS = YES;
				CLANG_WARN_STRICT_PROTOTYPES = YES;
				CLANG_WARN_SUSPICIOUS_MOVE = YES;
				CLANG_WARN_UNGUARDED_AVAILABILITY = YES_AGGRESSIVE;
				CLANG_WARN_UNREACHABLE_CODE = YES;
				CLANG_WARN__DUPLICATE_METHOD_MATCH = YES;
				COPY_PHASE_STRIP = NO;
				DEBUG_INFORMATION_FORMAT = "dwarf-with-dsym";
				ENABLE_NS_ASSERTIONS = NO;
				ENABLE_STRICT_OBJC_MSGSEND = YES;
				ENABLE_USER_SCRIPT_SANDBOXING = YES;
				GCC_C_LANGUAGE_STANDARD = gnu17;
				GCC_NO_COMMON_BLOCKS = YES;
				GCC_WARN_64_TO_32_BIT_CONVERSION = YES;
				GCC_WARN_ABOUT_RETURN_TYPE = YES_ERROR;
				GCC_WARN_UNDECLARED_SELECTOR = YES;
				GCC_WARN_UNINITIALIZED_AUTOS = YES_AGGRESSIVE;
				GCC_WARN_UNUSED_FUNCTION = YES;
				GCC_WARN_UNUSED_VARIABLE = YES;
				IPHONEOS_DEPLOYMENT_TARGET = 18.2;
				LOCALIZATION_PREFERS_STRING_CATALOGS = YES;
				MTL_ENABLE_DEBUG_INFO = NO;
				MTL_FAST_MATH = YES;
				SDKROOT = iphoneos;
				SWIFT_COMPILATION_MODE = wholemodule;
				VALIDATE_PRODUCT = YES;
			};
			name = Release;
		};
		6E46C25C2D1FA40600DD912F /* Debug */ = {
			isa = XCBuildConfiguration;
			buildSettings = {
				ASSETCATALOG_COMPILER_APPICON_NAME = AppIcon;
				ASSETCATALOG_COMPILER_GLOBAL_ACCENT_COLOR_NAME = AccentColor;
				CODE_SIGN_STYLE = Automatic;
				CURRENT_PROJECT_VERSION = 1;
				DEVELOPMENT_ASSET_PATHS = "\"ProductivityTrackerIOS/Preview Content\"";
				DEVELOPMENT_TEAM = 5ML5BZ26LS;
				ENABLE_PREVIEWS = YES;
				GENERATE_INFOPLIST_FILE = YES;
				INFOPLIST_KEY_UIApplicationSceneManifest_Generation = YES;
				INFOPLIST_KEY_UIApplicationSupportsIndirectInputEvents = YES;
				INFOPLIST_KEY_UILaunchScreen_Generation = YES;
				INFOPLIST_KEY_UISupportedInterfaceOrientations_iPad = "UIInterfaceOrientationPortrait UIInterfaceOrientationPortraitUpsideDown UIInterfaceOrientationLandscapeLeft UIInterfaceOrientationLandscapeRight";
				INFOPLIST_KEY_UISupportedInterfaceOrientations_iPhone = "UIInterfaceOrientationPortrait UIInterfaceOrientationLandscapeLeft UIInterfaceOrientationLandscapeRight";
				LD_RUNPATH_SEARCH_PATHS = (
					"$(inherited)",
					"@executable_path/Frameworks",
				);
				MARKETING_VERSION = 1.0;
				PRODUCT_BUNDLE_IDENTIFIER = parisphan.ProductivityTrackerIOS;
				PRODUCT_NAME = "$(TARGET_NAME)";
				SWIFT_EMIT_LOC_STRINGS = YES;
				SWIFT_VERSION = 5.0;
				TARGETED_DEVICE_FAMILY = "1,2";
			};
			name = Debug;
		};
		6E46C25D2D1FA40600DD912F /* Release */ = {
			isa = XCBuildConfiguration;
			buildSettings = {
				ASSETCATALOG_COMPILER_APPICON_NAME = AppIcon;
				ASSETCATALOG_COMPILER_GLOBAL_ACCENT_COLOR_NAME = AccentColor;
				CODE_SIGN_STYLE = Automatic;
				CURRENT_PROJECT_VERSION = 1;
				DEVELOPMENT_ASSET_PATHS = "\"ProductivityTrackerIOS/Preview Content\"";
				DEVELOPMENT_TEAM = 5ML5BZ26LS;
				ENABLE_PREVIEWS = YES;
				GENERATE_INFOPLIST_FILE = YES;
				INFOPLIST_KEY_UIApplicationSceneManifest_Generation = YES;
				INFOPLIST_KEY_UIApplicationSupportsIndirectInputEvents = YES;
				INFOPLIST_KEY_UILaunchScreen_Generation = YES;
				INFOPLIST_KEY_UISupportedInterfaceOrientations_iPad = "UIInterfaceOrientationPortrait UIInterfaceOrientationPortraitUpsideDown UIInterfaceOrientationLandscapeLeft UIInterfaceOrientationLandscapeRight";
				INFOPLIST_KEY_UISupportedInterfaceOrientations_iPhone = "UIInterfaceOrientationPortrait UIInterfaceOrientationLandscapeLeft UIInterfaceOrientationLandscapeRight";
				LD_RUNPATH_SEARCH_PATHS = (
					"$(inherited)",
					"@executable_path/Frameworks",
				);
				MARKETING_VERSION = 1.0;
				PRODUCT_BUNDLE_IDENTIFIER = parisphan.ProductivityTrackerIOS;
				PRODUCT_NAME = "$(TARGET_NAME)";
				SWIFT_EMIT_LOC_STRINGS = YES;
				SWIFT_VERSION = 5.0;
				TARGETED_DEVICE_FAMILY = "1,2";
			};
			name = Release;
		};
		6E46C25F2D1FA40600DD912F /* Debug */ = {
			isa = XCBuildConfiguration;
			buildSettings = {
				BUNDLE_LOADER = "$(TEST_HOST)";
				CODE_SIGN_STYLE = Automatic;
				CURRENT_PROJECT_VERSION = 1;
				DEVELOPMENT_TEAM = 5ML5BZ26LS;
				GENERATE_INFOPLIST_FILE = YES;
				IPHONEOS_DEPLOYMENT_TARGET = 18.2;
				MARKETING_VERSION = 1.0;
				PRODUCT_BUNDLE_IDENTIFIER = parisphan.ProductivityTrackerIOSTests;
				PRODUCT_NAME = "$(TARGET_NAME)";
				SWIFT_EMIT_LOC_STRINGS = NO;
				SWIFT_VERSION = 5.0;
				TARGETED_DEVICE_FAMILY = "1,2";
				TEST_HOST = "$(BUILT_PRODUCTS_DIR)/ProductivityTrackerIOS.app/$(BUNDLE_EXECUTABLE_FOLDER_PATH)/ProductivityTrackerIOS";
			};
			name = Debug;
		};
		6E46C2602D1FA40600DD912F /* Release */ = {
			isa = XCBuildConfiguration;
			buildSettings = {
				BUNDLE_LOADER = "$(TEST_HOST)";
				CODE_SIGN_STYLE = Automatic;
				CURRENT_PROJECT_VERSION = 1;
				DEVELOPMENT_TEAM = 5ML5BZ26LS;
				GENERATE_INFOPLIST_FILE = YES;
				IPHONEOS_DEPLOYMENT_TARGET = 18.2;
				MARKETING_VERSION = 1.0;
				PRODUCT_BUNDLE_IDENTIFIER = parisphan.ProductivityTrackerIOSTests;
				PRODUCT_NAME = "$(TARGET_NAME)";
				SWIFT_EMIT_LOC_STRINGS = NO;
				SWIFT_VERSION = 5.0;
				TARGETED_DEVICE_FAMILY = "1,2";
				TEST_HOST = "$(BUILT_PRODUCTS_DIR)/ProductivityTrackerIOS.app/$(BUNDLE_EXECUTABLE_FOLDER_PATH)/ProductivityTrackerIOS";
			};
			name = Release;
		};
		6E46C2622D1FA40600DD912F /* Debug */ = {
			isa = XCBuildConfiguration;
			buildSettings = {
				CODE_SIGN_STYLE = Automatic;
				CURRENT_PROJECT_VERSION = 1;
				DEVELOPMENT_TEAM = 5ML5BZ26LS;
				GENERATE_INFOPLIST_FILE = YES;
				MARKETING_VERSION = 1.0;
				PRODUCT_BUNDLE_IDENTIFIER = parisphan.ProductivityTrackerIOSUITests;
				PRODUCT_NAME = "$(TARGET_NAME)";
				SWIFT_EMIT_LOC_STRINGS = NO;
				SWIFT_VERSION = 5.0;
				TARGETED_DEVICE_FAMILY = "1,2";
				TEST_TARGET_NAME = ProductivityTrackerIOS;
			};
			name = Debug;
		};
		6E46C2632D1FA40600DD912F /* Release */ = {
			isa = XCBuildConfiguration;
			buildSettings = {
				CODE_SIGN_STYLE = Automatic;
				CURRENT_PROJECT_VERSION = 1;
				DEVELOPMENT_TEAM = 5ML5BZ26LS;
				GENERATE_INFOPLIST_FILE = YES;
				MARKETING_VERSION = 1.0;
				PRODUCT_BUNDLE_IDENTIFIER = parisphan.ProductivityTrackerIOSUITests;
				PRODUCT_NAME = "$(TARGET_NAME)";
				SWIFT_EMIT_LOC_STRINGS = NO;
				SWIFT_VERSION = 5.0;
				TARGETED_DEVICE_FAMILY = "1,2";
				TEST_TARGET_NAME = ProductivityTrackerIOS;
			};
			name = Release;
		};
/* End XCBuildConfiguration section */

/* Begin XCConfigurationList section */
		6E46C2322D1FA40400DD912F /* Build configuration list for PBXProject "ProductivityTrackerIOS" */ = {
			isa = XCConfigurationList;
			buildConfigurations = (
				6E46C2592D1FA40600DD912F /* Debug */,
				6E46C25A2D1FA40600DD912F /* Release */,
			);
			defaultConfigurationIsVisible = 0;
			defaultConfigurationName = Release;
		};
		6E46C25B2D1FA40600DD912F /* Build configuration list for PBXNativeTarget "ProductivityTrackerIOS" */ = {
			isa = XCConfigurationList;
			buildConfigurations = (
				6E46C25C2D1FA40600DD912F /* Debug */,
				6E46C25D2D1FA40600DD912F /* Release */,
			);
			defaultConfigurationIsVisible = 0;
			defaultConfigurationName = Release;
		};
		6E46C25E2D1FA40600DD912F /* Build configuration list for PBXNativeTarget "ProductivityTrackerIOSTests" */ = {
			isa = XCConfigurationList;
			buildConfigurations = (
				6E46C25F2D1FA40600DD912F /* Debug */,
				6E46C2602D1FA40600DD912F /* Release */,
			);
			defaultConfigurationIsVisible = 0;
			defaultConfigurationName = Release;
		};
		6E46C2612D1FA40600DD912F /* Build configuration list for PBXNativeTarget "ProductivityTrackerIOSUITests" */ = {
			isa = XCConfigurationList;
			buildConfigurations = (
				6E46C2622D1FA40600DD912F /* Debug */,
				6E46C2632D1FA40600DD912F /* Release */,
			);
			defaultConfigurationIsVisible = 0;
			defaultConfigurationName = Release;
		};
/* End XCConfigurationList section */
	};
	rootObject = 6E46C22F2D1FA40400DD912F /* Project object */;
}
